
Microsoft Visual Studio Solution File, Format Version 12.00
# Visual Studio Version 17
VisualStudioVersion = 17.2.32519.379
MinimumVisualStudioVersion = 10.0.40219.1
Project("{FAE04EC0-301F-11D3-BF4B-00C04F79EFBC}") = "Xero", "Xero\Xero.csproj", "{BFCED3F9-5373-401A-83A3-99833276BCDB}"
EndProject
Global
	GlobalSection(SolutionConfigurationPlatforms) = preSolution
		Debug|Any CPU = Debug|Any CPU
		Release|Any CPU = Release|Any CPU
	EndGlobalSection
	GlobalSection(ProjectConfigurationPlatforms) = postSolution
		{BFCED3F9-5373-401A-83A3-99833276BCDB}.Debug|Any CPU.ActiveCfg = Debug|Any CPU
		{BFCED3F9-5373-401A-83A3-99833276BCDB}.Debug|Any CPU.Build.0 = Debug|Any CPU
		{BFCED3F9-5373-401A-83A3-99833276BCDB}.Release|Any CPU.ActiveCfg = Release|Any CPU
		{BFCED3F9-5373-401A-83A3-99833276BCDB}.Release|Any CPU.Build.0 = Release|Any CPU
	EndGlobalSection
	GlobalSection(SolutionProperties) = preSolution
		HideSolutionNode = FALSE
	EndGlobalSection
	GlobalSection(ExtensibilityGlobals) = postSolution
		SolutionGuid = {1DEC657F-EF42-48C7-9E79-C1D3A26928BF}
	EndGlobalSection
EndGlobal
